
Microsoft Visual Studio Solution File, Format Version 12.00
# Visual Studio Version 17
VisualStudioVersion = 17.6.33829.357
MinimumVisualStudioVersion = 10.0.40219.1
Project("{FAE04EC0-301F-11D3-BF4B-00C04F79EFBC}") = "Core_API_MultiTables", "Core_API_MultiTables.csproj", "{87F5339A-BF39-4BE6-85B8-4389B81BDD39}"
EndProject
Global
	GlobalSection(SolutionConfigurationPlatforms) = preSolution
		Debug|Any CPU = Debug|Any CPU
		Release|Any CPU = Release|Any CPU
	EndGlobalSection
	GlobalSection(ProjectConfigurationPlatforms) = postSolution
		{87F5339A-BF39-4BE6-85B8-4389B81BDD39}.Debug|Any CPU.ActiveCfg = Debug|Any CPU
		{87F5339A-BF39-4BE6-85B8-4389B81BDD39}.Debug|Any CPU.Build.0 = Debug|Any CPU
		{87F5339A-BF39-4BE6-85B8-4389B81BDD39}.Release|Any CPU.ActiveCfg = Release|Any CPU
		{87F5339A-BF39-4BE6-85B8-4389B81BDD39}.Release|Any CPU.Build.0 = Release|Any CPU
	EndGlobalSection
	GlobalSection(SolutionProperties) = preSolution
		HideSolutionNode = FALSE
	EndGlobalSection
	GlobalSection(ExtensibilityGlobals) = postSolution
		SolutionGuid = {272A782E-D357-456B-AAAE-40E151DE722E}
	EndGlobalSection
EndGlobal
